{
  "object": {
    "pins": [
      {
        "package": "Swifties",
        "repositoryURL": "https://github.com/codr7/swifties.git",
        "state": {
          "branch": "main",
          "revision": "d57683c809047f5c84516488c552041461726801",
          "version": null
        }
      }
    ]
  },
  "version": 1
}
