{
  "object": {
    "pins": [
      {
        "package": "Swifties",
        "repositoryURL": "https://github.com/codr7/swifties.git",
        "state": {
          "branch": "main",
          "revision": "c28da80286165c78995defadc71a741f914f5612",
          "version": null
        }
      }
    ]
  },
  "version": 1
}
