{
  "object": {
    "pins": [
      {
        "package": "Swifties",
        "repositoryURL": "https://github.com/codr7/swifties.git",
        "state": {
          "branch": "main",
          "revision": "97bcd87a7432ea17d1dfeef0fed5cd7221aebda0",
          "version": null
        }
      }
    ]
  },
  "version": 1
}
